%{
  "amnesia": {:hex, :amnesia, "0.2.7", "ffc2221bf72da4cfafbbb497adf9cf7e52138f1333cec5836187a53f94ae0665", [:mix], [{:exquisite, "~> 0.1.7", [hex: :exquisite, repo: "hexpm", optional: false]}], "hexpm"},
  "castore": {:hex, :castore, "0.1.1", "a8905530209152ddb74989fa2a5bd4fa3a2d3ff5d15ad12578caa7460d807c8b", [:mix], [], "hexpm"},
  "exquisite": {:hex, :exquisite, "0.1.8", "ee8f56aae477287ce5e7dfcbc163a420cccbb73e680a6d80a09203e9ef514fa4", [:mix], [], "hexpm"},
  "floki": {:hex, :floki, "0.21.0", "0c0191a6dbc559300bac232f716c55fb5738d45ae846b3141b19e5f5741c1907", [:mix], [{:html_entities, "~> 0.4.0", [hex: :html_entities, repo: "hexpm", optional: false]}, {:mochiweb, "~> 2.15", [hex: :mochiweb, repo: "hexpm", optional: false]}], "hexpm"},
  "flow": {:hex, :flow, "0.14.3", "0d92991fe53035894d24aa8dec10dcfccf0ae00c4ed436ace3efa9813a646902", [:mix], [{:gen_stage, "~> 0.14.0", [hex: :gen_stage, repo: "hexpm", optional: false]}], "hexpm"},
  "gen_stage": {:hex, :gen_stage, "0.14.1", "9d46723fda072d4f4bb31a102560013f7960f5d80ea44dcb96fd6304ed61e7a4", [:mix], [], "hexpm"},
  "html_entities": {:hex, :html_entities, "0.4.0", "f2fee876858cf6aaa9db608820a3209e45a087c5177332799592142b50e89a6b", [:mix], [], "hexpm"},
  "mint": {:hex, :mint, "0.2.0", "eaf12cbe66c588f77516de93b7f525c6a688d84e93fa244e175cf26f32e1a80e", [:mix], [{:castore, "~> 0.1.0", [hex: :castore, repo: "hexpm", optional: true]}], "hexpm"},
  "mochiweb": {:hex, :mochiweb, "2.18.0", "eb55f1db3e6e960fac4e6db4e2db9ec3602cc9f30b86cd1481d56545c3145d2e", [:rebar3], [], "hexpm"},
}
